{
  "requires": true,
  "lockfileVersion": 1,
  "dependencies": {
    "dragselect": {
      "version": "1.13.1",
      "resolved": "https://registry.npmjs.org/dragselect/-/dragselect-1.13.1.tgz",
      "integrity": "sha512-spfUz6/sNnlY4fF/OxPBwaKLa5hVz6V+fq5XhVuD+h47RAkA75TMkfvr4AoWUh5Ufq3V1oIAbfu+sjc9QbewoA=="
    }
  }
}
